
Microsoft Visual Studio Solution File, Format Version 12.00
# Visual Studio Version 16
VisualStudioVersion = 16.0.31105.61
MinimumVisualStudioVersion = 10.0.40219.1
Project("{FAE04EC0-301F-11D3-BF4B-00C04F79EFBC}") = "Sorter_1.0.4-2", "Sorter_1.0.4-2\Sorter_1.0.4-2.csproj", "{1D2DDEA4-94C8-4B86-B718-65948BFBE523}"
EndProject
Global
	GlobalSection(SolutionConfigurationPlatforms) = preSolution
		Debug|Any CPU = Debug|Any CPU
		Release|Any CPU = Release|Any CPU
	EndGlobalSection
	GlobalSection(ProjectConfigurationPlatforms) = postSolution
		{1D2DDEA4-94C8-4B86-B718-65948BFBE523}.Debug|Any CPU.ActiveCfg = Debug|Any CPU
		{1D2DDEA4-94C8-4B86-B718-65948BFBE523}.Debug|Any CPU.Build.0 = Debug|Any CPU
		{1D2DDEA4-94C8-4B86-B718-65948BFBE523}.Release|Any CPU.ActiveCfg = Release|Any CPU
		{1D2DDEA4-94C8-4B86-B718-65948BFBE523}.Release|Any CPU.Build.0 = Release|Any CPU
	EndGlobalSection
	GlobalSection(SolutionProperties) = preSolution
		HideSolutionNode = FALSE
	EndGlobalSection
	GlobalSection(ExtensibilityGlobals) = postSolution
		SolutionGuid = {016F3AA6-41E0-4807-A613-1EE283B7972F}
	EndGlobalSection
EndGlobal
